{
  "projects": [
    {
      "projectId": "fshNQUUTM3VHchgfPz71Ms",
      "version": "latest",
      "dependencies": {},
      "lang": "ts",
      "fileLocks": [
        {
          "type": "globalVariant",
          "assetId": "CoLd784rQtlA9",
          "checksum": "24f212f241c5c67c4e43a83240746693"
        },
        {
          "type": "renderModule",
          "assetId": "He69hR_pkbsH",
          "checksum": "fa581193b43c6c4d22ae4db47930447f"
        },
        {
          "type": "cssRules",
          "assetId": "He69hR_pkbsH",
          "checksum": "fa581193b43c6c4d22ae4db47930447f"
        },
        {
          "assetId": "fshNQUUTM3VHchgfPz71Ms",
          "type": "projectCss",
          "checksum": "3883d2bf2df291479f1b0481705791e0"
        }
      ],
      "codegenVersion": "0.0.1"
    }
  ],
  "cliVersion": "0.1.231"
}
